// !$*UTF8*$!
{
	archiveVersion = 1;
	classes = {
	};
	objectVersion = 50;
	objects = {

/* Begin PBXBuildFile section */
		63E9203F22EAE2E600F429A1 /* AppDelegate.m in Sources */ = {isa = PBXBuildFile; fileRef = 63E9203E22EAE2E600F429A1 /* AppDelegate.m */; };
		63E9204222EAE2E600F429A1 /* ViewController.m in Sources */ = {isa = PBXBuildFile; fileRef = 63E9204122EAE2E600F429A1 /* ViewController.m */; };
		63E9204522EAE2E600F429A1 /* Main.storyboard in Resources */ = {isa = PBXBuildFile; fileRef = 63E9204322EAE2E600F429A1 /* Main.storyboard */; };
		63E9204722EAE2E700F429A1 /* Assets.xcassets in Resources */ = {isa = PBXBuildFile; fileRef = 63E9204622EAE2E700F429A1 /* Assets.xcassets */; };
		63E9204A22EAE2E700F429A1 /* LaunchScreen.storyboard in Resources */ = {isa = PBXBuildFile; fileRef = 63E9204822EAE2E700F429A1 /* LaunchScreen.storyboard */; };
		63E9204D22EAE2E700F429A1 /* main.m in Sources */ = {isa = PBXBuildFile; fileRef = 63E9204C22EAE2E700F429A1 /* main.m */; };
		63E9205822EAE3F200F429A1 /* Podfile in Resources */ = {isa = PBXBuildFile; fileRef = 63E9205722EAE3F200F429A1 /* Podfile */; };
		63E9206E22EAE9DF00F429A1 /* EncryptedChannel.framework in Frameworks */ = {isa = PBXBuildFile; fileRef = 63E9206D22EAE9DF00F429A1 /* EncryptedChannel.framework */; };
		BFCB37E85E1800A36525E5E0 /* libPods-TestLibraryRsa.a in Frameworks */ = {isa = PBXBuildFile; fileRef = 7B8A14C2CA8D3125ECD8DE99 /* libPods-TestLibraryRsa.a */; };
/* End PBXBuildFile section */

/* Begin PBXFileReference section */
		63E9203A22EAE2E600F429A1 /* TestLibraryRsa.app */ = {isa = PBXFileReference; explicitFileType = wrapper.application; includeInIndex = 0; path = TestLibraryRsa.app; sourceTree = BUILT_PRODUCTS_DIR; };
		63E9203D22EAE2E600F429A1 /* AppDelegate.h */ = {isa = PBXFileReference; lastKnownFileType = sourcecode.c.h; path = AppDelegate.h; sourceTree = "<group>"; };
		63E9203E22EAE2E600F429A1 /* AppDelegate.m */ = {isa = PBXFileReference; lastKnownFileType = sourcecode.c.objc; path = AppDelegate.m; sourceTree = "<group>"; };
		63E9204022EAE2E600F429A1 /* ViewController.h */ = {isa = PBXFileReference; lastKnownFileType = sourcecode.c.h; path = ViewController.h; sourceTree = "<group>"; };
		63E9204122EAE2E600F429A1 /* ViewController.m */ = {isa = PBXFileReference; lastKnownFileType = sourcecode.c.objc; path = ViewController.m; sourceTree = "<group>"; };
		63E9204422EAE2E600F429A1 /* Base */ = {isa = PBXFileReference; lastKnownFileType = file.storyboard; name = Base; path = Base.lproj/Main.storyboard; sourceTree = "<group>"; };
		63E9204622EAE2E700F429A1 /* Assets.xcassets */ = {isa = PBXFileReference; lastKnownFileType = folder.assetcatalog; path = Assets.xcassets; sourceTree = "<group>"; };
		63E9204922EAE2E700F429A1 /* Base */ = {isa = PBXFileReference; lastKnownFileType = file.storyboard; name = Base; path = Base.lproj/LaunchScreen.storyboard; sourceTree = "<group>"; };
		63E9204B22EAE2E700F429A1 /* Info.plist */ = {isa = PBXFileReference; lastKnownFileType = text.plist.xml; path = Info.plist; sourceTree = "<group>"; };
		63E9204C22EAE2E700F429A1 /* main.m */ = {isa = PBXFileReference; lastKnownFileType = sourcecode.c.objc; path = main.m; sourceTree = "<group>"; };
		63E9205722EAE3F200F429A1 /* Podfile */ = {isa = PBXFileReference; fileEncoding = 4; lastKnownFileType = text; path = Podfile; sourceTree = "<group>"; xcLanguageSpecificationIdentifier = xcode.lang.ruby; };
		63E9206D22EAE9DF00F429A1 /* EncryptedChannel.framework */ = {isa = PBXFileReference; lastKnownFileType = wrapper.framework; path = EncryptedChannel.framework; sourceTree = "<group>"; };
		64398CC275128A5D77DDF88E /* Pods-TestLibraryRsa.release.xcconfig */ = {isa = PBXFileReference; includeInIndex = 1; lastKnownFileType = text.xcconfig; name = "Pods-TestLibraryRsa.release.xcconfig"; path = "Pods/Target Support Files/Pods-TestLibraryRsa/Pods-TestLibraryRsa.release.xcconfig"; sourceTree = "<group>"; };
		746B68EA496E86BDED4ED386 /* Pods-TestLibraryRsa.debug.xcconfig */ = {isa = PBXFileReference; includeInIndex = 1; lastKnownFileType = text.xcconfig; name = "Pods-TestLibraryRsa.debug.xcconfig"; path = "Pods/Target Support Files/Pods-TestLibraryRsa/Pods-TestLibraryRsa.debug.xcconfig"; sourceTree = "<group>"; };
		7B8A14C2CA8D3125ECD8DE99 /* libPods-TestLibraryRsa.a */ = {isa = PBXFileReference; explicitFileType = archive.ar; includeInIndex = 0; path = "libPods-TestLibraryRsa.a"; sourceTree = BUILT_PRODUCTS_DIR; };
/* End PBXFileReference section */

/* Begin PBXFrameworksBuildPhase section */
		63E9203722EAE2E600F429A1 /* Frameworks */ = {
			isa = PBXFrameworksBuildPhase;
			buildActionMask = 2147483647;
			files = (
				BFCB37E85E1800A36525E5E0 /* libPods-TestLibraryRsa.a in Frameworks */,
				63E9206E22EAE9DF00F429A1 /* EncryptedChannel.framework in Frameworks */,
			);
			runOnlyForDeploymentPostprocessing = 0;
		};
/* End PBXFrameworksBuildPhase section */

/* Begin PBXGroup section */
		63E9203122EAE2E600F429A1 = {
			isa = PBXGroup;
			children = (
				63E9205722EAE3F200F429A1 /* Podfile */,
				63E9203C22EAE2E600F429A1 /* TestLibraryRsa */,
				63E9203B22EAE2E600F429A1 /* Products */,
				6E496AEC0021A0BB275B254D /* Pods */,
				F24736A2B8FCF9E9B3711099 /* Frameworks */,
			);
			sourceTree = "<group>";
		};
		63E9203B22EAE2E600F429A1 /* Products */ = {
			isa = PBXGroup;
			children = (
				63E9203A22EAE2E600F429A1 /* TestLibraryRsa.app */,
			);
			name = Products;
			sourceTree = "<group>";
		};
		63E9203C22EAE2E600F429A1 /* TestLibraryRsa */ = {
			isa = PBXGroup;
			children = (
				63E9206D22EAE9DF00F429A1 /* EncryptedChannel.framework */,
				63E9203D22EAE2E600F429A1 /* AppDelegate.h */,
				63E9203E22EAE2E600F429A1 /* AppDelegate.m */,
				63E9204022EAE2E600F429A1 /* ViewController.h */,
				63E9204122EAE2E600F429A1 /* ViewController.m */,
				63E9204322EAE2E600F429A1 /* Main.storyboard */,
				63E9204622EAE2E700F429A1 /* Assets.xcassets */,
				63E9204822EAE2E700F429A1 /* LaunchScreen.storyboard */,
				63E9204B22EAE2E700F429A1 /* Info.plist */,
				63E9204C22EAE2E700F429A1 /* main.m */,
			);
			path = TestLibraryRsa;
			sourceTree = "<group>";
		};
		6E496AEC0021A0BB275B254D /* Pods */ = {
			isa = PBXGroup;
			children = (
				746B68EA496E86BDED4ED386 /* Pods-TestLibraryRsa.debug.xcconfig */,
				64398CC275128A5D77DDF88E /* Pods-TestLibraryRsa.release.xcconfig */,
			);
			name = Pods;
			sourceTree = "<group>";
		};
		F24736A2B8FCF9E9B3711099 /* Frameworks */ = {
			isa = PBXGroup;
			children = (
				7B8A14C2CA8D3125ECD8DE99 /* libPods-TestLibraryRsa.a */,
			);
			name = Frameworks;
			sourceTree = "<group>";
		};
/* End PBXGroup section */

/* Begin PBXNativeTarget section */
		63E9203922EAE2E600F429A1 /* TestLibraryRsa */ = {
			isa = PBXNativeTarget;
			buildConfigurationList = 63E9205022EAE2E700F429A1 /* Build configuration list for PBXNativeTarget "TestLibraryRsa" */;
			buildPhases = (
				90DF0F8F7A32C17047BBB4D9 /* [CP] Check Pods Manifest.lock */,
				63E9203622EAE2E600F429A1 /* Sources */,
				63E9203722EAE2E600F429A1 /* Frameworks */,
				63E9203822EAE2E600F429A1 /* Resources */,
			);
			buildRules = (
			);
			dependencies = (
			);
			name = TestLibraryRsa;
			productName = TestLibraryRsa;
			productReference = 63E9203A22EAE2E600F429A1 /* TestLibraryRsa.app */;
			productType = "com.apple.product-type.application";
		};
/* End PBXNativeTarget section */

/* Begin PBXProject section */
		63E9203222EAE2E600F429A1 /* Project object */ = {
			isa = PBXProject;
			attributes = {
				LastUpgradeCheck = 1030;
				ORGANIZATIONNAME = david;
				TargetAttributes = {
					63E9203922EAE2E600F429A1 = {
						CreatedOnToolsVersion = 10.3;
					};
				};
			};
			buildConfigurationList = 63E9203522EAE2E600F429A1 /* Build configuration list for PBXProject "TestLibraryRsa" */;
			compatibilityVersion = "Xcode 9.3";
			developmentRegion = en;
			hasScannedForEncodings = 0;
			knownRegions = (
				en,
				Base,
			);
			mainGroup = 63E9203122EAE2E600F429A1;
			productRefGroup = 63E9203B22EAE2E600F429A1 /* Products */;
			projectDirPath = "";
			projectRoot = "";
			targets = (
				63E9203922EAE2E600F429A1 /* TestLibraryRsa */,
			);
		};
/* End PBXProject section */

/* Begin PBXResourcesBuildPhase section */
		63E9203822EAE2E600F429A1 /* Resources */ = {
			isa = PBXResourcesBuildPhase;
			buildActionMask = 2147483647;
			files = (
				63E9204A22EAE2E700F429A1 /* LaunchScreen.storyboard in Resources */,
				63E9204722EAE2E700F429A1 /* Assets.xcassets in Resources */,
				63E9205822EAE3F200F429A1 /* Podfile in Resources */,
				63E9204522EAE2E600F429A1 /* Main.storyboard in Resources */,
			);
			runOnlyForDeploymentPostprocessing = 0;
		};
/* End PBXResourcesBuildPhase section */

/* Begin PBXShellScriptBuildPhase section */
		90DF0F8F7A32C17047BBB4D9 /* [CP] Check Pods Manifest.lock */ = {
			isa = PBXShellScriptBuildPhase;
			buildActionMask = 2147483647;
			files = (
			);
			inputPaths = (
				"${PODS_PODFILE_DIR_PATH}/Podfile.lock",
				"${PODS_ROOT}/Manifest.lock",
			);
			name = "[CP] Check Pods Manifest.lock";
			outputPaths = (
				"$(DERIVED_FILE_DIR)/Pods-TestLibraryRsa-checkManifestLockResult.txt",
			);
			runOnlyForDeploymentPostprocessing = 0;
			shellPath = /bin/sh;
			shellScript = "diff \"${PODS_PODFILE_DIR_PATH}/Podfile.lock\" \"${PODS_ROOT}/Manifest.lock\" > /dev/null\nif [ $? != 0 ] ; then\n    # print error to STDERR\n    echo \"error: The sandbox is not in sync with the Podfile.lock. Run 'pod install' or update your CocoaPods installation.\" >&2\n    exit 1\nfi\n# This output is used by Xcode 'outputs' to avoid re-running this script phase.\necho \"SUCCESS\" > \"${SCRIPT_OUTPUT_FILE_0}\"\n";
			showEnvVarsInLog = 0;
		};
/* End PBXShellScriptBuildPhase section */

/* Begin PBXSourcesBuildPhase section */
		63E9203622EAE2E600F429A1 /* Sources */ = {
			isa = PBXSourcesBuildPhase;
			buildActionMask = 2147483647;
			files = (
				63E9204222EAE2E600F429A1 /* ViewController.m in Sources */,
				63E9204D22EAE2E700F429A1 /* main.m in Sources */,
				63E9203F22EAE2E600F429A1 /* AppDelegate.m in Sources */,
			);
			runOnlyForDeploymentPostprocessing = 0;
		};
/* End PBXSourcesBuildPhase section */

/* Begin PBXVariantGroup section */
		63E9204322EAE2E600F429A1 /* Main.storyboard */ = {
			isa = PBXVariantGroup;
			children = (
				63E9204422EAE2E600F429A1 /* Base */,
			);
			name = Main.storyboard;
			sourceTree = "<group>";
		};
		63E9204822EAE2E700F429A1 /* LaunchScreen.storyboard */ = {
			isa = PBXVariantGroup;
			children = (
				63E9204922EAE2E700F429A1 /* Base */,
			);
			name = LaunchScreen.storyboard;
			sourceTree = "<group>";
		};
/* End PBXVariantGroup section */

/* Begin XCBuildConfiguration section */
		63E9204E22EAE2E700F429A1 /* Debug */ = {
			isa = XCBuildConfiguration;
			buildSettings = {
				ALWAYS_SEARCH_USER_PATHS = NO;
				CLANG_ANALYZER_NONNULL = YES;
				CLANG_ANALYZER_NUMBER_OBJECT_CONVERSION = YES_AGGRESSIVE;
				CLANG_CXX_LANGUAGE_STANDARD = "gnu++14";
				CLANG_CXX_LIBRARY = "libc++";
				CLANG_ENABLE_MODULES = YES;
				CLANG_ENABLE_OBJC_ARC = YES;
				CLANG_ENABLE_OBJC_WEAK = YES;
				CLANG_WARN_BLOCK_CAPTURE_AUTORELEASING = YES;
				CLANG_WARN_BOOL_CONVERSION = YES;
				CLANG_WARN_COMMA = YES;
				CLANG_WARN_CONSTANT_CONVERSION = YES;
				CLANG_WARN_DEPRECATED_OBJC_IMPLEMENTATIONS = YES;
				CLANG_WARN_DIRECT_OBJC_ISA_USAGE = YES_ERROR;
				CLANG_WARN_DOCUMENTATION_COMMENTS = YES;
				CLANG_WARN_EMPTY_BODY = YES;
				CLANG_WARN_ENUM_CONVERSION = YES;
				CLANG_WARN_INFINITE_RECURSION = YES;
				CLANG_WARN_INT_CONVERSION = YES;
				CLANG_WARN_NON_LITERAL_NULL_CONVERSION = YES;
				CLANG_WARN_OBJC_IMPLICIT_RETAIN_SELF = YES;
				CLANG_WARN_OBJC_LITERAL_CONVERSION = YES;
				CLANG_WARN_OBJC_ROOT_CLASS = YES_ERROR;
				CLANG_WARN_RANGE_LOOP_ANALYSIS = YES;
				CLANG_WARN_STRICT_PROTOTYPES = YES;
				CLANG_WARN_SUSPICIOUS_MOVE = YES;
				CLANG_WARN_UNGUARDED_AVAILABILITY = YES_AGGRESSIVE;
				CLANG_WARN_UNREACHABLE_CODE = YES;
				CLANG_WARN__DUPLICATE_METHOD_MATCH = YES;
				CODE_SIGN_IDENTITY = "iPhone Developer";
				COPY_PHASE_STRIP = NO;
				DEBUG_INFORMATION_FORMAT = dwarf;
				ENABLE_STRICT_OBJC_MSGSEND = YES;
				ENABLE_TESTABILITY = YES;
				GCC_C_LANGUAGE_STANDARD = gnu11;
				GCC_DYNAMIC_NO_PIC = NO;
				GCC_NO_COMMON_BLOCKS = YES;
				GCC_OPTIMIZATION_LEVEL = 0;
				GCC_PREPROCESSOR_DEFINITIONS = (
					"DEBUG=1",
					"$(inherited)",
				);
				GCC_WARN_64_TO_32_BIT_CONVERSION = YES;
				GCC_WARN_ABOUT_RETURN_TYPE = YES_ERROR;
				GCC_WARN_UNDECLARED_SELECTOR = YES;
				GCC_WARN_UNINITIALIZED_AUTOS = YES_AGGRESSIVE;
				GCC_WARN_UNUSED_FUNCTION = YES;
				GCC_WARN_UNUSED_VARIABLE = YES;
				IPHONEOS_DEPLOYMENT_TARGET = 9.0;
				MTL_ENABLE_DEBUG_INFO = INCLUDE_SOURCE;
				MTL_FAST_MATH = YES;
				ONLY_ACTIVE_ARCH = YES;
				SDKROOT = iphoneos;
			};
			name = Debug;
		};
		63E9204F22EAE2E700F429A1 /* Release */ = {
			isa = XCBuildConfiguration;
			buildSettings = {
				ALWAYS_SEARCH_USER_PATHS = NO;
				CLANG_ANALYZER_NONNULL = YES;
				CLANG_ANALYZER_NUMBER_OBJECT_CONVERSION = YES_AGGRESSIVE;
				CLANG_CXX_LANGUAGE_STANDARD = "gnu++14";
				CLANG_CXX_LIBRARY = "libc++";
				CLANG_ENABLE_MODULES = YES;
				CLANG_ENABLE_OBJC_ARC = YES;
				CLANG_ENABLE_OBJC_WEAK = YES;
				CLANG_WARN_BLOCK_CAPTURE_AUTORELEASING = YES;
				CLANG_WARN_BOOL_CONVERSION = YES;
				CLANG_WARN_COMMA = YES;
				CLANG_WARN_CONSTANT_CONVERSION = YES;
				CLANG_WARN_DEPRECATED_OBJC_IMPLEMENTATIONS = YES;
				CLANG_WARN_DIRECT_OBJC_ISA_USAGE = YES_ERROR;
				CLANG_WARN_DOCUMENTATION_COMMENTS = YES;
				CLANG_WARN_EMPTY_BODY = YES;
				CLANG_WARN_ENUM_CONVERSION = YES;
				CLANG_WARN_INFINITE_RECURSION = YES;
				CLANG_WARN_INT_CONVERSION = YES;
				CLANG_WARN_NON_LITERAL_NULL_CONVERSION = YES;
				CLANG_WARN_OBJC_IMPLICIT_RETAIN_SELF = YES;
				CLANG_WARN_OBJC_LITERAL_CONVERSION = YES;
				CLANG_WARN_OBJC_ROOT_CLASS = YES_ERROR;
				CLANG_WARN_RANGE_LOOP_ANALYSIS = YES;
				CLANG_WARN_STRICT_PROTOTYPES = YES;
				CLANG_WARN_SUSPICIOUS_MOVE = YES;
				CLANG_WARN_UNGUARDED_AVAILABILITY = YES_AGGRESSIVE;
				CLANG_WARN_UNREACHABLE_CODE = YES;
				CLANG_WARN__DUPLICATE_METHOD_MATCH = YES;
				CODE_SIGN_IDENTITY = "iPhone Developer";
				COPY_PHASE_STRIP = NO;
				DEBUG_INFORMATION_FORMAT = "dwarf-with-dsym";
				ENABLE_NS_ASSERTIONS = NO;
				ENABLE_STRICT_OBJC_MSGSEND = YES;
				GCC_C_LANGUAGE_STANDARD = gnu11;
				GCC_NO_COMMON_BLOCKS = YES;
				GCC_WARN_64_TO_32_BIT_CONVERSION = YES;
				GCC_WARN_ABOUT_RETURN_TYPE = YES_ERROR;
				GCC_WARN_UNDECLARED_SELECTOR = YES;
				GCC_WARN_UNINITIALIZED_AUTOS = YES_AGGRESSIVE;
				GCC_WARN_UNUSED_FUNCTION = YES;
				GCC_WARN_UNUSED_VARIABLE = YES;
				IPHONEOS_DEPLOYMENT_TARGET = 9.0;
				MTL_ENABLE_DEBUG_INFO = NO;
				MTL_FAST_MATH = YES;
				SDKROOT = iphoneos;
				VALIDATE_PRODUCT = YES;
			};
			name = Release;
		};
		63E9205122EAE2E700F429A1 /* Debug */ = {
			isa = XCBuildConfiguration;
			baseConfigurationReference = 746B68EA496E86BDED4ED386 /* Pods-TestLibraryRsa.debug.xcconfig */;
			buildSettings = {
				ASSETCATALOG_COMPILER_APPICON_NAME = AppIcon;
				CODE_SIGN_STYLE = Automatic;
				DEVELOPMENT_TEAM = V96442L257;
				FRAMEWORK_SEARCH_PATHS = (
					"$(inherited)",
					"$(PROJECT_DIR)/TestLibraryRsa",
					"\"$(SRCROOT)/TestLibraryRsa/EncryptedChannel.framework\"",
				);
				HEADER_SEARCH_PATHS = (
					"$(inherited)",
					"\"${PODS_ROOT}/Headers/Public\"",
					"\"${PODS_ROOT}/Headers/Public/GTMBase64\"",
					"\"${PODS_ROOT}/Headers/Public/MIHCrypto\"",
					"\"${PODS_ROOT}/Headers/Public/OpenSSL-Universal\"",
					"\"$(SRCROOT)/TestLibraryRsa/EncryptedChannel.framework/Headers\"",
				);
				INFOPLIST_FILE = TestLibraryRsa/Info.plist;
				LD_RUNPATH_SEARCH_PATHS = (
					"$(inherited)",
					"@executable_path/Frameworks",
				);
				LIBRARY_SEARCH_PATHS = (
					"$(inherited)",
					"$(PROJECT_DIR)/TestLibraryRsa",
				);
				PRODUCT_BUNDLE_IDENTIFIER = com.songqiang.TestLibraryRsa;
				PRODUCT_NAME = "$(TARGET_NAME)";
				TARGETED_DEVICE_FAMILY = "1,2";
			};
			name = Debug;
		};
		63E9205222EAE2E700F429A1 /* Release */ = {
			isa = XCBuildConfiguration;
			baseConfigurationReference = 64398CC275128A5D77DDF88E /* Pods-TestLibraryRsa.release.xcconfig */;
			buildSettings = {
				ASSETCATALOG_COMPILER_APPICON_NAME = AppIcon;
				CODE_SIGN_STYLE = Automatic;
				DEVELOPMENT_TEAM = V96442L257;
				FRAMEWORK_SEARCH_PATHS = (
					"$(inherited)",
					"$(PROJECT_DIR)/TestLibraryRsa",
					"\"$(SRCROOT)/TestLibraryRsa/EncryptedChannel.framework\"",
				);
				HEADER_SEARCH_PATHS = (
					"$(inherited)",
					"\"${PODS_ROOT}/Headers/Public\"",
					"\"${PODS_ROOT}/Headers/Public/GTMBase64\"",
					"\"${PODS_ROOT}/Headers/Public/MIHCrypto\"",
					"\"${PODS_ROOT}/Headers/Public/OpenSSL-Universal\"",
					"\"$(SRCROOT)/TestLibraryRsa/EncryptedChannel.framework/Headers\"",
				);
				INFOPLIST_FILE = TestLibraryRsa/Info.plist;
				LD_RUNPATH_SEARCH_PATHS = (
					"$(inherited)",
					"@executable_path/Frameworks",
				);
				LIBRARY_SEARCH_PATHS = (
					"$(inherited)",
					"$(PROJECT_DIR)/TestLibraryRsa",
				);
				PRODUCT_BUNDLE_IDENTIFIER = com.songqiang.TestLibraryRsa;
				PRODUCT_NAME = "$(TARGET_NAME)";
				TARGETED_DEVICE_FAMILY = "1,2";
			};
			name = Release;
		};
/* End XCBuildConfiguration section */

/* Begin XCConfigurationList section */
		63E9203522EAE2E600F429A1 /* Build configuration list for PBXProject "TestLibraryRsa" */ = {
			isa = XCConfigurationList;
			buildConfigurations = (
				63E9204E22EAE2E700F429A1 /* Debug */,
				63E9204F22EAE2E700F429A1 /* Release */,
			);
			defaultConfigurationIsVisible = 0;
			defaultConfigurationName = Release;
		};
		63E9205022EAE2E700F429A1 /* Build configuration list for PBXNativeTarget "TestLibraryRsa" */ = {
			isa = XCConfigurationList;
			buildConfigurations = (
				63E9205122EAE2E700F429A1 /* Debug */,
				63E9205222EAE2E700F429A1 /* Release */,
			);
			defaultConfigurationIsVisible = 0;
			defaultConfigurationName = Release;
		};
/* End XCConfigurationList section */
	};
	rootObject = 63E9203222EAE2E600F429A1 /* Project object */;
}
